// !$*UTF8*$!
{
	archiveVersion = 1;
	classes = {
	};
	objectVersion = 51;
	objects = {

/* Begin PBXBuildFile section */
		222E3FE5264258BC00BA00C1 /* RealmManager.swift in Sources */ = {isa = PBXBuildFile; fileRef = 222E3FE4264258BC00BA00C1 /* RealmManager.swift */; };
		222E3FE82642591A00BA00C1 /* RealmGithubService.swift in Sources */ = {isa = PBXBuildFile; fileRef = 222E3FE72642591A00BA00C1 /* RealmGithubService.swift */; };
		22C1D8D726146B0800794A0F /* AppDelegate.swift in Sources */ = {isa = PBXBuildFile; fileRef = 22C1D8D626146B0800794A0F /* AppDelegate.swift */; };
		22C1D8D926146B0800794A0F /* SceneDelegate.swift in Sources */ = {isa = PBXBuildFile; fileRef = 22C1D8D826146B0800794A0F /* SceneDelegate.swift */; };
		22C1D8DE26146B0800794A0F /* Main.storyboard in Resources */ = {isa = PBXBuildFile; fileRef = 22C1D8DC26146B0800794A0F /* Main.storyboard */; };
		22C1D8E026146B0B00794A0F /* Assets.xcassets in Resources */ = {isa = PBXBuildFile; fileRef = 22C1D8DF26146B0B00794A0F /* Assets.xcassets */; };
		22C1D8E326146B0B00794A0F /* LaunchScreen.storyboard in Resources */ = {isa = PBXBuildFile; fileRef = 22C1D8E126146B0B00794A0F /* LaunchScreen.storyboard */; };
		22C1D8EF26146B9500794A0F /* MyTableViewCell.swift in Sources */ = {isa = PBXBuildFile; fileRef = 22C1D8ED26146B9500794A0F /* MyTableViewCell.swift */; };
		22C1D8F026146B9500794A0F /* MyTableViewCell.xib in Resources */ = {isa = PBXBuildFile; fileRef = 22C1D8EE26146B9500794A0F /* MyTableViewCell.xib */; };
		22C1D8F526146C4A00794A0F /* Animal.swift in Sources */ = {isa = PBXBuildFile; fileRef = 22C1D8F426146C4A00794A0F /* Animal.swift */; };
		22C1D8F926146E1D00794A0F /* AnimalViewModel.swift in Sources */ = {isa = PBXBuildFile; fileRef = 22C1D8F826146E1D00794A0F /* AnimalViewModel.swift */; };
		22C1D8FE26146E4400794A0F /* AnimalViewController.swift in Sources */ = {isa = PBXBuildFile; fileRef = 22C1D8FD26146E4400794A0F /* AnimalViewController.swift */; };
		22C1D904261471A800794A0F /* UIImageView+Extensions.swift in Sources */ = {isa = PBXBuildFile; fileRef = 22C1D903261471A800794A0F /* UIImageView+Extensions.swift */; };
		22C1D908261471D000794A0F /* UIColor+Extensions.swift in Sources */ = {isa = PBXBuildFile; fileRef = 22C1D907261471D000794A0F /* UIColor+Extensions.swift */; };
		22C1D90B261471E900794A0F /* CGFloat+Extensions.swift in Sources */ = {isa = PBXBuildFile; fileRef = 22C1D90A261471E900794A0F /* CGFloat+Extensions.swift */; };
		22F07CAB2616EA580061436F /* NetworkProvider.swift in Sources */ = {isa = PBXBuildFile; fileRef = 22F07CAA2616EA580061436F /* NetworkProvider.swift */; };
		22F07CAE2616EC850061436F /* BaseError.swift in Sources */ = {isa = PBXBuildFile; fileRef = 22F07CAD2616EC850061436F /* BaseError.swift */; };
		22F07CB12616ECFD0061436F /* GithubSearchResponse.swift in Sources */ = {isa = PBXBuildFile; fileRef = 22F07CB02616ECFD0061436F /* GithubSearchResponse.swift */; };
		22F07CB82616F1570061436F /* GithubAPI.swift in Sources */ = {isa = PBXBuildFile; fileRef = 22F07CB72616F1570061436F /* GithubAPI.swift */; };
		22F07CBB2616F1D80061436F /* Configs.swift in Sources */ = {isa = PBXBuildFile; fileRef = 22F07CBA2616F1D80061436F /* Configs.swift */; };
		22F07CBF2616F3630061436F /* SearchRepositoriesResponse.json in Resources */ = {isa = PBXBuildFile; fileRef = 22F07CBE2616F3630061436F /* SearchRepositoriesResponse.json */; };
		22F07CD32616F8400061436F /* HomeViewController.swift in Sources */ = {isa = PBXBuildFile; fileRef = 22F07CD22616F8400061436F /* HomeViewController.swift */; };
		22F07CD82616F88D0061436F /* GithubViewController.swift in Sources */ = {isa = PBXBuildFile; fileRef = 22F07CD62616F88D0061436F /* GithubViewController.swift */; };
		22F07CD92616F88D0061436F /* GithubViewController.xib in Resources */ = {isa = PBXBuildFile; fileRef = 22F07CD72616F88D0061436F /* GithubViewController.xib */; };
		22F07CDC2616F9290061436F /* GithubViewModel.swift in Sources */ = {isa = PBXBuildFile; fileRef = 22F07CDB2616F9290061436F /* GithubViewModel.swift */; };
		22F07CDF2616F99D0061436F /* GithubSearchService.swift in Sources */ = {isa = PBXBuildFile; fileRef = 22F07CDE2616F99D0061436F /* GithubSearchService.swift */; };
		22F07CE22616F9C30061436F /* BaseService.swift in Sources */ = {isa = PBXBuildFile; fileRef = 22F07CE12616F9C30061436F /* BaseService.swift */; };
		22F07CE72616FD850061436F /* GithubTableViewCell.swift in Sources */ = {isa = PBXBuildFile; fileRef = 22F07CE52616FD850061436F /* GithubTableViewCell.swift */; };
		22F07CE82616FD850061436F /* GithubTableViewCell.xib in Resources */ = {isa = PBXBuildFile; fileRef = 22F07CE62616FD850061436F /* GithubTableViewCell.xib */; };
		76C6280827F52A9A00462617 /* TableviewSampleTests.swift in Sources */ = {isa = PBXBuildFile; fileRef = 76C6280727F52A9A00462617 /* TableviewSampleTests.swift */; };
		76C6281627F52AA300462617 /* TableviewSampleUITests.swift in Sources */ = {isa = PBXBuildFile; fileRef = 76C6281527F52AA300462617 /* TableviewSampleUITests.swift */; };
		76C6281F27F530B200462617 /* TraceTests.swift in Sources */ = {isa = PBXBuildFile; fileRef = 76C6281E27F530B200462617 /* TraceTests.swift */; };
		76C6282227F530EB00462617 /* SucculentTest.swift in Sources */ = {isa = PBXBuildFile; fileRef = 76C6282127F530EB00462617 /* SucculentTest.swift */; };
		76C6282727F5394600462617 /* Datas in Resources */ = {isa = PBXBuildFile; fileRef = 76C6282627F5394600462617 /* Datas */; };
		76C6282927F5397600462617 /* PageObjectable.swift in Sources */ = {isa = PBXBuildFile; fileRef = 76C6282827F5397600462617 /* PageObjectable.swift */; };
		76C6282B27F53BBB00462617 /* HomeViewControllerPage.swift in Sources */ = {isa = PBXBuildFile; fileRef = 76C6282A27F53BBB00462617 /* HomeViewControllerPage.swift */; };
		76C6282D27F53BF000462617 /* GithubViewControllerPage.swift in Sources */ = {isa = PBXBuildFile; fileRef = 76C6282C27F53BF000462617 /* GithubViewControllerPage.swift */; };
		76C6283027F53CAF00462617 /* Common.swift in Sources */ = {isa = PBXBuildFile; fileRef = 76C6282F27F53CAF00462617 /* Common.swift */; };
		76C6283127F53CDD00462617 /* Common.swift in Sources */ = {isa = PBXBuildFile; fileRef = 76C6282F27F53CAF00462617 /* Common.swift */; };
		76C6283327F5414C00462617 /* HomeViewControllerUITest.swift in Sources */ = {isa = PBXBuildFile; fileRef = 76C6283227F5414C00462617 /* HomeViewControllerUITest.swift */; };
		76C6283527F541E000462617 /* BaseViewControllerUITest.swift in Sources */ = {isa = PBXBuildFile; fileRef = 76C6283427F541E000462617 /* BaseViewControllerUITest.swift */; };
		76C6283727F5470600462617 /* GithubViewControllerUITest.swift in Sources */ = {isa = PBXBuildFile; fileRef = 76C6283627F5470600462617 /* GithubViewControllerUITest.swift */; };
		76C6283927F54A4500462617 /* XCTestCase+Extension.swift in Sources */ = {isa = PBXBuildFile; fileRef = 76C6283827F54A4500462617 /* XCTestCase+Extension.swift */; };
		D318930813CCF0B941B68535 /* Pods_TableviewSample_TableviewSampleUITests.framework in Frameworks */ = {isa = PBXBuildFile; fileRef = 78C923062021841CADD3E6C8 /* Pods_TableviewSample_TableviewSampleUITests.framework */; };
		D31E3BE7B30052200ADC0467 /* Pods_TableviewSample.framework in Frameworks */ = {isa = PBXBuildFile; fileRef = 0139878D6F0B1EB759AA2204 /* Pods_TableviewSample.framework */; };
/* End PBXBuildFile section */

/* Begin PBXContainerItemProxy section */
		76C6280A27F52A9A00462617 /* PBXContainerItemProxy */ = {
			isa = PBXContainerItemProxy;
			containerPortal = 22C1D8CB26146B0800794A0F /* Project object */;
			proxyType = 1;
			remoteGlobalIDString = 22C1D8D226146B0800794A0F;
			remoteInfo = TableviewSample;
		};
		76C6281827F52AA300462617 /* PBXContainerItemProxy */ = {
			isa = PBXContainerItemProxy;
			containerPortal = 22C1D8CB26146B0800794A0F /* Project object */;
			proxyType = 1;
			remoteGlobalIDString = 22C1D8D226146B0800794A0F;
			remoteInfo = TableviewSample;
		};
/* End PBXContainerItemProxy section */

/* Begin PBXFileReference section */
		0139878D6F0B1EB759AA2204 /* Pods_TableviewSample.framework */ = {isa = PBXFileReference; explicitFileType = wrapper.framework; includeInIndex = 0; path = Pods_TableviewSample.framework; sourceTree = BUILT_PRODUCTS_DIR; };
		1A4E1B02F35032703A490E59 /* Pods-TableviewSample.debug.xcconfig */ = {isa = PBXFileReference; includeInIndex = 1; lastKnownFileType = text.xcconfig; name = "Pods-TableviewSample.debug.xcconfig"; path = "Target Support Files/Pods-TableviewSample/Pods-TableviewSample.debug.xcconfig"; sourceTree = "<group>"; };
		222E3FE4264258BC00BA00C1 /* RealmManager.swift */ = {isa = PBXFileReference; lastKnownFileType = sourcecode.swift; path = RealmManager.swift; sourceTree = "<group>"; };
		222E3FE72642591A00BA00C1 /* RealmGithubService.swift */ = {isa = PBXFileReference; lastKnownFileType = sourcecode.swift; path = RealmGithubService.swift; sourceTree = "<group>"; };
		22C1D8D326146B0800794A0F /* TableviewSample.app */ = {isa = PBXFileReference; explicitFileType = wrapper.application; includeInIndex = 0; path = TableviewSample.app; sourceTree = BUILT_PRODUCTS_DIR; };
		22C1D8D626146B0800794A0F /* AppDelegate.swift */ = {isa = PBXFileReference; lastKnownFileType = sourcecode.swift; path = AppDelegate.swift; sourceTree = "<group>"; };
		22C1D8D826146B0800794A0F /* SceneDelegate.swift */ = {isa = PBXFileReference; lastKnownFileType = sourcecode.swift; path = SceneDelegate.swift; sourceTree = "<group>"; };
		22C1D8DD26146B0800794A0F /* Base */ = {isa = PBXFileReference; lastKnownFileType = file.storyboard; name = Base; path = Base.lproj/Main.storyboard; sourceTree = "<group>"; };
		22C1D8DF26146B0B00794A0F /* Assets.xcassets */ = {isa = PBXFileReference; lastKnownFileType = folder.assetcatalog; path = Assets.xcassets; sourceTree = "<group>"; };
		22C1D8E226146B0B00794A0F /* Base */ = {isa = PBXFileReference; lastKnownFileType = file.storyboard; name = Base; path = Base.lproj/LaunchScreen.storyboard; sourceTree = "<group>"; };
		22C1D8E426146B0B00794A0F /* Info.plist */ = {isa = PBXFileReference; lastKnownFileType = text.plist.xml; path = Info.plist; sourceTree = "<group>"; };
		22C1D8ED26146B9500794A0F /* MyTableViewCell.swift */ = {isa = PBXFileReference; lastKnownFileType = sourcecode.swift; path = MyTableViewCell.swift; sourceTree = "<group>"; };
		22C1D8EE26146B9500794A0F /* MyTableViewCell.xib */ = {isa = PBXFileReference; lastKnownFileType = file.xib; path = MyTableViewCell.xib; sourceTree = "<group>"; };
		22C1D8F426146C4A00794A0F /* Animal.swift */ = {isa = PBXFileReference; lastKnownFileType = sourcecode.swift; path = Animal.swift; sourceTree = "<group>"; };
		22C1D8F826146E1D00794A0F /* AnimalViewModel.swift */ = {isa = PBXFileReference; lastKnownFileType = sourcecode.swift; path = AnimalViewModel.swift; sourceTree = "<group>"; };
		22C1D8FD26146E4400794A0F /* AnimalViewController.swift */ = {isa = PBXFileReference; lastKnownFileType = sourcecode.swift; path = AnimalViewController.swift; sourceTree = "<group>"; };
		22C1D903261471A800794A0F /* UIImageView+Extensions.swift */ = {isa = PBXFileReference; lastKnownFileType = sourcecode.swift; path = "UIImageView+Extensions.swift"; sourceTree = "<group>"; };
		22C1D907261471D000794A0F /* UIColor+Extensions.swift */ = {isa = PBXFileReference; lastKnownFileType = sourcecode.swift; path = "UIColor+Extensions.swift"; sourceTree = "<group>"; };
		22C1D90A261471E900794A0F /* CGFloat+Extensions.swift */ = {isa = PBXFileReference; lastKnownFileType = sourcecode.swift; path = "CGFloat+Extensions.swift"; sourceTree = "<group>"; };
		22F07CAA2616EA580061436F /* NetworkProvider.swift */ = {isa = PBXFileReference; lastKnownFileType = sourcecode.swift; path = NetworkProvider.swift; sourceTree = "<group>"; };
		22F07CAD2616EC850061436F /* BaseError.swift */ = {isa = PBXFileReference; lastKnownFileType = sourcecode.swift; path = BaseError.swift; sourceTree = "<group>"; };
		22F07CB02616ECFD0061436F /* GithubSearchResponse.swift */ = {isa = PBXFileReference; lastKnownFileType = sourcecode.swift; path = GithubSearchResponse.swift; sourceTree = "<group>"; };
		22F07CB72616F1570061436F /* GithubAPI.swift */ = {isa = PBXFileReference; lastKnownFileType = sourcecode.swift; path = GithubAPI.swift; sourceTree = "<group>"; };
		22F07CBA2616F1D80061436F /* Configs.swift */ = {isa = PBXFileReference; lastKnownFileType = sourcecode.swift; path = Configs.swift; sourceTree = "<group>"; };
		22F07CBE2616F3630061436F /* SearchRepositoriesResponse.json */ = {isa = PBXFileReference; lastKnownFileType = text.json; path = SearchRepositoriesResponse.json; sourceTree = "<group>"; };
		22F07CD22616F8400061436F /* HomeViewController.swift */ = {isa = PBXFileReference; lastKnownFileType = sourcecode.swift; path = HomeViewController.swift; sourceTree = "<group>"; };
		22F07CD62616F88D0061436F /* GithubViewController.swift */ = {isa = PBXFileReference; lastKnownFileType = sourcecode.swift; path = GithubViewController.swift; sourceTree = "<group>"; };
		22F07CD72616F88D0061436F /* GithubViewController.xib */ = {isa = PBXFileReference; lastKnownFileType = file.xib; path = GithubViewController.xib; sourceTree = "<group>"; };
		22F07CDB2616F9290061436F /* GithubViewModel.swift */ = {isa = PBXFileReference; lastKnownFileType = sourcecode.swift; path = GithubViewModel.swift; sourceTree = "<group>"; };
		22F07CDE2616F99D0061436F /* GithubSearchService.swift */ = {isa = PBXFileReference; lastKnownFileType = sourcecode.swift; path = GithubSearchService.swift; sourceTree = "<group>"; };
		22F07CE12616F9C30061436F /* BaseService.swift */ = {isa = PBXFileReference; lastKnownFileType = sourcecode.swift; path = BaseService.swift; sourceTree = "<group>"; };
		22F07CE52616FD850061436F /* GithubTableViewCell.swift */ = {isa = PBXFileReference; lastKnownFileType = sourcecode.swift; path = GithubTableViewCell.swift; sourceTree = "<group>"; };
		22F07CE62616FD850061436F /* GithubTableViewCell.xib */ = {isa = PBXFileReference; lastKnownFileType = file.xib; path = GithubTableViewCell.xib; sourceTree = "<group>"; };
		76C6280527F52A9A00462617 /* TableviewSampleTests.xctest */ = {isa = PBXFileReference; explicitFileType = wrapper.cfbundle; includeInIndex = 0; path = TableviewSampleTests.xctest; sourceTree = BUILT_PRODUCTS_DIR; };
		76C6280727F52A9A00462617 /* TableviewSampleTests.swift */ = {isa = PBXFileReference; lastKnownFileType = sourcecode.swift; path = TableviewSampleTests.swift; sourceTree = "<group>"; };
		76C6280927F52A9A00462617 /* Info.plist */ = {isa = PBXFileReference; lastKnownFileType = text.plist.xml; path = Info.plist; sourceTree = "<group>"; };
		76C6281327F52AA300462617 /* TableviewSampleUITests.xctest */ = {isa = PBXFileReference; explicitFileType = wrapper.cfbundle; includeInIndex = 0; path = TableviewSampleUITests.xctest; sourceTree = BUILT_PRODUCTS_DIR; };
		76C6281527F52AA300462617 /* TableviewSampleUITests.swift */ = {isa = PBXFileReference; lastKnownFileType = sourcecode.swift; path = TableviewSampleUITests.swift; sourceTree = "<group>"; };
		76C6281727F52AA300462617 /* Info.plist */ = {isa = PBXFileReference; lastKnownFileType = text.plist.xml; path = Info.plist; sourceTree = "<group>"; };
		76C6281E27F530B200462617 /* TraceTests.swift */ = {isa = PBXFileReference; lastKnownFileType = sourcecode.swift; path = TraceTests.swift; sourceTree = "<group>"; };
		76C6282127F530EB00462617 /* SucculentTest.swift */ = {isa = PBXFileReference; lastKnownFileType = sourcecode.swift; path = SucculentTest.swift; sourceTree = "<group>"; };
		76C6282627F5394600462617 /* Datas */ = {isa = PBXFileReference; lastKnownFileType = folder; path = Datas; sourceTree = "<group>"; };
		76C6282827F5397600462617 /* PageObjectable.swift */ = {isa = PBXFileReference; lastKnownFileType = sourcecode.swift; path = PageObjectable.swift; sourceTree = "<group>"; };
		76C6282A27F53BBB00462617 /* HomeViewControllerPage.swift */ = {isa = PBXFileReference; lastKnownFileType = sourcecode.swift; path = HomeViewControllerPage.swift; sourceTree = "<group>"; };
		76C6282C27F53BF000462617 /* GithubViewControllerPage.swift */ = {isa = PBXFileReference; lastKnownFileType = sourcecode.swift; path = GithubViewControllerPage.swift; sourceTree = "<group>"; };
		76C6282F27F53CAF00462617 /* Common.swift */ = {isa = PBXFileReference; lastKnownFileType = sourcecode.swift; path = Common.swift; sourceTree = "<group>"; };
		76C6283227F5414C00462617 /* HomeViewControllerUITest.swift */ = {isa = PBXFileReference; lastKnownFileType = sourcecode.swift; path = HomeViewControllerUITest.swift; sourceTree = "<group>"; };
		76C6283427F541E000462617 /* BaseViewControllerUITest.swift */ = {isa = PBXFileReference; lastKnownFileType = sourcecode.swift; path = BaseViewControllerUITest.swift; sourceTree = "<group>"; };
		76C6283627F5470600462617 /* GithubViewControllerUITest.swift */ = {isa = PBXFileReference; lastKnownFileType = sourcecode.swift; path = GithubViewControllerUITest.swift; sourceTree = "<group>"; };
		76C6283827F54A4500462617 /* XCTestCase+Extension.swift */ = {isa = PBXFileReference; lastKnownFileType = sourcecode.swift; path = "XCTestCase+Extension.swift"; sourceTree = "<group>"; };
		78C923062021841CADD3E6C8 /* Pods_TableviewSample_TableviewSampleUITests.framework */ = {isa = PBXFileReference; explicitFileType = wrapper.framework; includeInIndex = 0; path = Pods_TableviewSample_TableviewSampleUITests.framework; sourceTree = BUILT_PRODUCTS_DIR; };
		9FA49F5A927634351F9414DF /* Pods-TableviewSample.release.xcconfig */ = {isa = PBXFileReference; includeInIndex = 1; lastKnownFileType = text.xcconfig; name = "Pods-TableviewSample.release.xcconfig"; path = "Target Support Files/Pods-TableviewSample/Pods-TableviewSample.release.xcconfig"; sourceTree = "<group>"; };
		B0F24A9E241F9E18352183E4 /* Pods-TableviewSample-TableviewSampleUITests.release.xcconfig */ = {isa = PBXFileReference; includeInIndex = 1; lastKnownFileType = text.xcconfig; name = "Pods-TableviewSample-TableviewSampleUITests.release.xcconfig"; path = "Target Support Files/Pods-TableviewSample-TableviewSampleUITests/Pods-TableviewSample-TableviewSampleUITests.release.xcconfig"; sourceTree = "<group>"; };
		CD676DC82D2EA5E2DA772FA6 /* Pods-TableviewSample-TableviewSampleUITests.debug.xcconfig */ = {isa = PBXFileReference; includeInIndex = 1; lastKnownFileType = text.xcconfig; name = "Pods-TableviewSample-TableviewSampleUITests.debug.xcconfig"; path = "Target Support Files/Pods-TableviewSample-TableviewSampleUITests/Pods-TableviewSample-TableviewSampleUITests.debug.xcconfig"; sourceTree = "<group>"; };
/* End PBXFileReference section */

/* Begin PBXFrameworksBuildPhase section */
		22C1D8D026146B0800794A0F /* Frameworks */ = {
			isa = PBXFrameworksBuildPhase;
			buildActionMask = 2147483647;
			files = (
				D31E3BE7B30052200ADC0467 /* Pods_TableviewSample.framework in Frameworks */,
			);
			runOnlyForDeploymentPostprocessing = 0;
		};
		76C6280227F52A9A00462617 /* Frameworks */ = {
			isa = PBXFrameworksBuildPhase;
			buildActionMask = 2147483647;
			files = (
			);
			runOnlyForDeploymentPostprocessing = 0;
		};
		76C6281027F52AA300462617 /* Frameworks */ = {
			isa = PBXFrameworksBuildPhase;
			buildActionMask = 2147483647;
			files = (
				D318930813CCF0B941B68535 /* Pods_TableviewSample_TableviewSampleUITests.framework in Frameworks */,
			);
			runOnlyForDeploymentPostprocessing = 0;
		};
/* End PBXFrameworksBuildPhase section */

/* Begin PBXGroup section */
		222E3FE22642583B00BA00C1 /* RealmManager */ = {
			isa = PBXGroup;
			children = (
				222E3FE6264258EC00BA00C1 /* Services */,
				222E3FE32642584500BA00C1 /* Base */,
			);
			path = RealmManager;
			sourceTree = "<group>";
		};
		222E3FE32642584500BA00C1 /* Base */ = {
			isa = PBXGroup;
			children = (
				222E3FE4264258BC00BA00C1 /* RealmManager.swift */,
			);
			path = Base;
			sourceTree = "<group>";
		};
		222E3FE6264258EC00BA00C1 /* Services */ = {
			isa = PBXGroup;
			children = (
				222E3FE72642591A00BA00C1 /* RealmGithubService.swift */,
			);
			path = Services;
			sourceTree = "<group>";
		};
		22C1D8CA26146B0800794A0F = {
			isa = PBXGroup;
			children = (
				22C1D8D526146B0800794A0F /* TableviewSample */,
				76C6280627F52A9A00462617 /* TableviewSampleTests */,
				76C6281427F52AA300462617 /* TableviewSampleUITests */,
				22C1D8D426146B0800794A0F /* Products */,
				6C8540767F12764ADDEA6E41 /* Pods */,
				398DE4A051F09D2BFCFC197E /* Frameworks */,
			);
			sourceTree = "<group>";
		};
		22C1D8D426146B0800794A0F /* Products */ = {
			isa = PBXGroup;
			children = (
				22C1D8D326146B0800794A0F /* TableviewSample.app */,
				76C6280527F52A9A00462617 /* TableviewSampleTests.xctest */,
				76C6281327F52AA300462617 /* TableviewSampleUITests.xctest */,
			);
			name = Products;
			sourceTree = "<group>";
		};
		22C1D8D526146B0800794A0F /* TableviewSample */ = {
			isa = PBXGroup;
			children = (
				76C6282E27F53CA100462617 /* Common */,
				222E3FE22642583B00BA00C1 /* RealmManager */,
				22F07CC62616F4330061436F /* Modules */,
				22F07CA42616E9AB0061436F /* Network */,
				22C1D9022614719700794A0F /* Extensions */,
				22C1D8FB26146E2700794A0F /* Application */,
				22C1D8DC26146B0800794A0F /* Main.storyboard */,
				22C1D8DF26146B0B00794A0F /* Assets.xcassets */,
				22C1D8E126146B0B00794A0F /* LaunchScreen.storyboard */,
				22C1D8E426146B0B00794A0F /* Info.plist */,
			);
			path = TableviewSample;
			sourceTree = "<group>";
		};
		22C1D8EC26146B7E00794A0F /* Cell */ = {
			isa = PBXGroup;
			children = (
				22C1D8ED26146B9500794A0F /* MyTableViewCell.swift */,
				22C1D8EE26146B9500794A0F /* MyTableViewCell.xib */,
			);
			path = Cell;
			sourceTree = "<group>";
		};
		22C1D8F326146C4200794A0F /* Model */ = {
			isa = PBXGroup;
			children = (
				22C1D8F426146C4A00794A0F /* Animal.swift */,
			);
			path = Model;
			sourceTree = "<group>";
		};
		22C1D8F726146E1100794A0F /* ViewModel */ = {
			isa = PBXGroup;
			children = (
				22C1D8F826146E1D00794A0F /* AnimalViewModel.swift */,
			);
			path = ViewModel;
			sourceTree = "<group>";
		};
		22C1D8FB26146E2700794A0F /* Application */ = {
			isa = PBXGroup;
			children = (
				22C1D8D626146B0800794A0F /* AppDelegate.swift */,
				22C1D8D826146B0800794A0F /* SceneDelegate.swift */,
			);
			path = Application;
			sourceTree = "<group>";
		};
		22C1D8FC26146E3700794A0F /* View */ = {
			isa = PBXGroup;
			children = (
				22C1D8EC26146B7E00794A0F /* Cell */,
				22C1D8FD26146E4400794A0F /* AnimalViewController.swift */,
			);
			path = View;
			sourceTree = "<group>";
		};
		22C1D9022614719700794A0F /* Extensions */ = {
			isa = PBXGroup;
			children = (
				22C1D903261471A800794A0F /* UIImageView+Extensions.swift */,
				22C1D907261471D000794A0F /* UIColor+Extensions.swift */,
				22C1D90A261471E900794A0F /* CGFloat+Extensions.swift */,
			);
			path = Extensions;
			sourceTree = "<group>";
		};
		22F07CA42616E9AB0061436F /* Network */ = {
			isa = PBXGroup;
			children = (
				22F07CBD2616F3390061436F /* TestResponse */,
				22F07CB62616F1450061436F /* APIs */,
				22F07CB52616F13B0061436F /* Base */,
			);
			path = Network;
			sourceTree = "<group>";
		};
		22F07CB52616F13B0061436F /* Base */ = {
			isa = PBXGroup;
			children = (
				22F07CAA2616EA580061436F /* NetworkProvider.swift */,
				22F07CAD2616EC850061436F /* BaseError.swift */,
				22F07CBA2616F1D80061436F /* Configs.swift */,
				22F07CE12616F9C30061436F /* BaseService.swift */,
			);
			path = Base;
			sourceTree = "<group>";
		};
		22F07CB62616F1450061436F /* APIs */ = {
			isa = PBXGroup;
			children = (
				22F07CB72616F1570061436F /* GithubAPI.swift */,
			);
			path = APIs;
			sourceTree = "<group>";
		};
		22F07CBD2616F3390061436F /* TestResponse */ = {
			isa = PBXGroup;
			children = (
				22F07CBE2616F3630061436F /* SearchRepositoriesResponse.json */,
			);
			path = TestResponse;
			sourceTree = "<group>";
		};
		22F07CC62616F4330061436F /* Modules */ = {
			isa = PBXGroup;
			children = (
				22F07CD12616F82A0061436F /* Home */,
				22F07CCB2616F4A90061436F /* Github */,
				22F07CC72616F43B0061436F /* Animals */,
			);
			path = Modules;
			sourceTree = "<group>";
		};
		22F07CC72616F43B0061436F /* Animals */ = {
			isa = PBXGroup;
			children = (
				22C1D8FC26146E3700794A0F /* View */,
				22C1D8F726146E1100794A0F /* ViewModel */,
				22C1D8F326146C4200794A0F /* Model */,
			);
			path = Animals;
			sourceTree = "<group>";
		};
		22F07CCB2616F4A90061436F /* Github */ = {
			isa = PBXGroup;
			children = (
				22F07CCF2616F4CB0061436F /* Service */,
				22F07CCE2616F4BE0061436F /* ViewModel */,
				22F07CCD2616F4BA0061436F /* Model */,
				22F07CCC2616F4B50061436F /* View */,
			);
			path = Github;
			sourceTree = "<group>";
		};
		22F07CCC2616F4B50061436F /* View */ = {
			isa = PBXGroup;
			children = (
				22F07CE42616FD780061436F /* Cell */,
				22F07CD62616F88D0061436F /* GithubViewController.swift */,
				22F07CD72616F88D0061436F /* GithubViewController.xib */,
			);
			path = View;
			sourceTree = "<group>";
		};
		22F07CCD2616F4BA0061436F /* Model */ = {
			isa = PBXGroup;
			children = (
				22F07CB02616ECFD0061436F /* GithubSearchResponse.swift */,
			);
			path = Model;
			sourceTree = "<group>";
		};
		22F07CCE2616F4BE0061436F /* ViewModel */ = {
			isa = PBXGroup;
			children = (
				22F07CDB2616F9290061436F /* GithubViewModel.swift */,
			);
			path = ViewModel;
			sourceTree = "<group>";
		};
		22F07CCF2616F4CB0061436F /* Service */ = {
			isa = PBXGroup;
			children = (
				22F07CDE2616F99D0061436F /* GithubSearchService.swift */,
			);
			path = Service;
			sourceTree = "<group>";
		};
		22F07CD12616F82A0061436F /* Home */ = {
			isa = PBXGroup;
			children = (
				22F07CD22616F8400061436F /* HomeViewController.swift */,
			);
			path = Home;
			sourceTree = "<group>";
		};
		22F07CE42616FD780061436F /* Cell */ = {
			isa = PBXGroup;
			children = (
				22F07CE52616FD850061436F /* GithubTableViewCell.swift */,
				22F07CE62616FD850061436F /* GithubTableViewCell.xib */,
			);
			path = Cell;
			sourceTree = "<group>";
		};
		398DE4A051F09D2BFCFC197E /* Frameworks */ = {
			isa = PBXGroup;
			children = (
				0139878D6F0B1EB759AA2204 /* Pods_TableviewSample.framework */,
				78C923062021841CADD3E6C8 /* Pods_TableviewSample_TableviewSampleUITests.framework */,
			);
			name = Frameworks;
			sourceTree = "<group>";
		};
		6C8540767F12764ADDEA6E41 /* Pods */ = {
			isa = PBXGroup;
			children = (
				1A4E1B02F35032703A490E59 /* Pods-TableviewSample.debug.xcconfig */,
				9FA49F5A927634351F9414DF /* Pods-TableviewSample.release.xcconfig */,
				CD676DC82D2EA5E2DA772FA6 /* Pods-TableviewSample-TableviewSampleUITests.debug.xcconfig */,
				B0F24A9E241F9E18352183E4 /* Pods-TableviewSample-TableviewSampleUITests.release.xcconfig */,
			);
			path = Pods;
			sourceTree = "<group>";
		};
		76C6280627F52A9A00462617 /* TableviewSampleTests */ = {
			isa = PBXGroup;
			children = (
				76C6280727F52A9A00462617 /* TableviewSampleTests.swift */,
				76C6280927F52A9A00462617 /* Info.plist */,
			);
			path = TableviewSampleTests;
			sourceTree = "<group>";
		};
		76C6281427F52AA300462617 /* TableviewSampleUITests */ = {
			isa = PBXGroup;
			children = (
				76C6282627F5394600462617 /* Datas */,
				76C6282427F5390A00462617 /* Tests */,
				76C6282327F538FA00462617 /* Pages */,
				76C6282027F530DF00462617 /* Base */,
				76C6281527F52AA300462617 /* TableviewSampleUITests.swift */,
				76C6281727F52AA300462617 /* Info.plist */,
				76C6283827F54A4500462617 /* XCTestCase+Extension.swift */,
			);
			path = TableviewSampleUITests;
			sourceTree = "<group>";
		};
		76C6282027F530DF00462617 /* Base */ = {
			isa = PBXGroup;
			children = (
				76C6281E27F530B200462617 /* TraceTests.swift */,
				76C6282127F530EB00462617 /* SucculentTest.swift */,
			);
			path = Base;
			sourceTree = "<group>";
		};
		76C6282327F538FA00462617 /* Pages */ = {
			isa = PBXGroup;
			children = (
				76C6282827F5397600462617 /* PageObjectable.swift */,
				76C6282A27F53BBB00462617 /* HomeViewControllerPage.swift */,
				76C6282C27F53BF000462617 /* GithubViewControllerPage.swift */,
			);
			path = Pages;
			sourceTree = "<group>";
		};
		76C6282427F5390A00462617 /* Tests */ = {
			isa = PBXGroup;
			children = (
				76C6283427F541E000462617 /* BaseViewControllerUITest.swift */,
				76C6283227F5414C00462617 /* HomeViewControllerUITest.swift */,
				76C6283627F5470600462617 /* GithubViewControllerUITest.swift */,
			);
			path = Tests;
			sourceTree = "<group>";
		};
		76C6282E27F53CA100462617 /* Common */ = {
			isa = PBXGroup;
			children = (
				76C6282F27F53CAF00462617 /* Common.swift */,
			);
			path = Common;
			sourceTree = "<group>";
		};
/* End PBXGroup section */

/* Begin PBXNativeTarget section */
		22C1D8D226146B0800794A0F /* TableviewSample */ = {
			isa = PBXNativeTarget;
			buildConfigurationList = 22C1D8E726146B0B00794A0F /* Build configuration list for PBXNativeTarget "TableviewSample" */;
			buildPhases = (
				7FE75EB29EBEE1959997A1F7 /* [CP] Check Pods Manifest.lock */,
				22C1D8CF26146B0800794A0F /* Sources */,
				22C1D8D026146B0800794A0F /* Frameworks */,
				22C1D8D126146B0800794A0F /* Resources */,
				28ED30D5195730E83E63A7FD /* [CP] Embed Pods Frameworks */,
			);
			buildRules = (
			);
			dependencies = (
			);
			name = TableviewSample;
			productName = TableviewSample;
			productReference = 22C1D8D326146B0800794A0F /* TableviewSample.app */;
			productType = "com.apple.product-type.application";
		};
		76C6280427F52A9A00462617 /* TableviewSampleTests */ = {
			isa = PBXNativeTarget;
			buildConfigurationList = 76C6280E27F52A9A00462617 /* Build configuration list for PBXNativeTarget "TableviewSampleTests" */;
			buildPhases = (
				76C6280127F52A9A00462617 /* Sources */,
				76C6280227F52A9A00462617 /* Frameworks */,
				76C6280327F52A9A00462617 /* Resources */,
			);
			buildRules = (
			);
			dependencies = (
				76C6280B27F52A9A00462617 /* PBXTargetDependency */,
			);
			name = TableviewSampleTests;
			productName = TableviewSampleTests;
			productReference = 76C6280527F52A9A00462617 /* TableviewSampleTests.xctest */;
			productType = "com.apple.product-type.bundle.unit-test";
		};
		76C6281227F52AA300462617 /* TableviewSampleUITests */ = {
			isa = PBXNativeTarget;
			buildConfigurationList = 76C6281A27F52AA300462617 /* Build configuration list for PBXNativeTarget "TableviewSampleUITests" */;
			buildPhases = (
				31BC8A38783D80ACE98613C7 /* [CP] Check Pods Manifest.lock */,
				76C6280F27F52AA300462617 /* Sources */,
				76C6281027F52AA300462617 /* Frameworks */,
				76C6281127F52AA300462617 /* Resources */,
				8DCC865CA898D9349BD0BC2B /* [CP] Embed Pods Frameworks */,
			);
			buildRules = (
			);
			dependencies = (
				76C6281927F52AA300462617 /* PBXTargetDependency */,
			);
			name = TableviewSampleUITests;
			productName = TableviewSampleUITests;
			productReference = 76C6281327F52AA300462617 /* TableviewSampleUITests.xctest */;
			productType = "com.apple.product-type.bundle.ui-testing";
		};
/* End PBXNativeTarget section */

/* Begin PBXProject section */
		22C1D8CB26146B0800794A0F /* Project object */ = {
			isa = PBXProject;
			attributes = {
				LastSwiftUpdateCheck = 1250;
				LastUpgradeCheck = 1240;
				TargetAttributes = {
					22C1D8D226146B0800794A0F = {
						CreatedOnToolsVersion = 12.4;
					};
					76C6280427F52A9A00462617 = {
						CreatedOnToolsVersion = 12.5.1;
						TestTargetID = 22C1D8D226146B0800794A0F;
					};
					76C6281227F52AA300462617 = {
						CreatedOnToolsVersion = 12.5.1;
						TestTargetID = 22C1D8D226146B0800794A0F;
					};
				};
			};
			buildConfigurationList = 22C1D8CE26146B0800794A0F /* Build configuration list for PBXProject "TableviewSample" */;
			compatibilityVersion = "Xcode 9.3";
			developmentRegion = en;
			hasScannedForEncodings = 0;
			knownRegions = (
				en,
				Base,
			);
			mainGroup = 22C1D8CA26146B0800794A0F;
			productRefGroup = 22C1D8D426146B0800794A0F /* Products */;
			projectDirPath = "";
			projectRoot = "";
			targets = (
				22C1D8D226146B0800794A0F /* TableviewSample */,
				76C6280427F52A9A00462617 /* TableviewSampleTests */,
				76C6281227F52AA300462617 /* TableviewSampleUITests */,
			);
		};
/* End PBXProject section */

/* Begin PBXResourcesBuildPhase section */
		22C1D8D126146B0800794A0F /* Resources */ = {
			isa = PBXResourcesBuildPhase;
			buildActionMask = 2147483647;
			files = (
				22C1D8E326146B0B00794A0F /* LaunchScreen.storyboard in Resources */,
				22F07CD92616F88D0061436F /* GithubViewController.xib in Resources */,
				22C1D8F026146B9500794A0F /* MyTableViewCell.xib in Resources */,
				22F07CE82616FD850061436F /* GithubTableViewCell.xib in Resources */,
				22C1D8E026146B0B00794A0F /* Assets.xcassets in Resources */,
				22C1D8DE26146B0800794A0F /* Main.storyboard in Resources */,
				22F07CBF2616F3630061436F /* SearchRepositoriesResponse.json in Resources */,
			);
			runOnlyForDeploymentPostprocessing = 0;
		};
		76C6280327F52A9A00462617 /* Resources */ = {
			isa = PBXResourcesBuildPhase;
			buildActionMask = 2147483647;
			files = (
			);
			runOnlyForDeploymentPostprocessing = 0;
		};
		76C6281127F52AA300462617 /* Resources */ = {
			isa = PBXResourcesBuildPhase;
			buildActionMask = 2147483647;
			files = (
				76C6282727F5394600462617 /* Datas in Resources */,
			);
			runOnlyForDeploymentPostprocessing = 0;
		};
/* End PBXResourcesBuildPhase section */

/* Begin PBXShellScriptBuildPhase section */
		28ED30D5195730E83E63A7FD /* [CP] Embed Pods Frameworks */ = {
			isa = PBXShellScriptBuildPhase;
			buildActionMask = 2147483647;
			files = (
			);
			inputFileListPaths = (
				"${PODS_ROOT}/Target Support Files/Pods-TableviewSample/Pods-TableviewSample-frameworks-${CONFIGURATION}-input-files.xcfilelist",
			);
			name = "[CP] Embed Pods Frameworks";
			outputFileListPaths = (
				"${PODS_ROOT}/Target Support Files/Pods-TableviewSample/Pods-TableviewSample-frameworks-${CONFIGURATION}-output-files.xcfilelist",
			);
			runOnlyForDeploymentPostprocessing = 0;
			shellPath = /bin/sh;
			shellScript = "\"${PODS_ROOT}/Target Support Files/Pods-TableviewSample/Pods-TableviewSample-frameworks.sh\"\n";
			showEnvVarsInLog = 0;
		};
		31BC8A38783D80ACE98613C7 /* [CP] Check Pods Manifest.lock */ = {
			isa = PBXShellScriptBuildPhase;
			buildActionMask = 2147483647;
			files = (
			);
			inputFileListPaths = (
			);
			inputPaths = (
				"${PODS_PODFILE_DIR_PATH}/Podfile.lock",
				"${PODS_ROOT}/Manifest.lock",
			);
			name = "[CP] Check Pods Manifest.lock";
			outputFileListPaths = (
			);
			outputPaths = (
				"$(DERIVED_FILE_DIR)/Pods-TableviewSample-TableviewSampleUITests-checkManifestLockResult.txt",
			);
			runOnlyForDeploymentPostprocessing = 0;
			shellPath = /bin/sh;
			shellScript = "diff \"${PODS_PODFILE_DIR_PATH}/Podfile.lock\" \"${PODS_ROOT}/Manifest.lock\" > /dev/null\nif [ $? != 0 ] ; then\n    # print error to STDERR\n    echo \"error: The sandbox is not in sync with the Podfile.lock. Run 'pod install' or update your CocoaPods installation.\" >&2\n    exit 1\nfi\n# This output is used by Xcode 'outputs' to avoid re-running this script phase.\necho \"SUCCESS\" > \"${SCRIPT_OUTPUT_FILE_0}\"\n";
			showEnvVarsInLog = 0;
		};
		7FE75EB29EBEE1959997A1F7 /* [CP] Check Pods Manifest.lock */ = {
			isa = PBXShellScriptBuildPhase;
			buildActionMask = 2147483647;
			files = (
			);
			inputFileListPaths = (
			);
			inputPaths = (
				"${PODS_PODFILE_DIR_PATH}/Podfile.lock",
				"${PODS_ROOT}/Manifest.lock",
			);
			name = "[CP] Check Pods Manifest.lock";
			outputFileListPaths = (
			);
			outputPaths = (
				"$(DERIVED_FILE_DIR)/Pods-TableviewSample-checkManifestLockResult.txt",
			);
			runOnlyForDeploymentPostprocessing = 0;
			shellPath = /bin/sh;
			shellScript = "diff \"${PODS_PODFILE_DIR_PATH}/Podfile.lock\" \"${PODS_ROOT}/Manifest.lock\" > /dev/null\nif [ $? != 0 ] ; then\n    # print error to STDERR\n    echo \"error: The sandbox is not in sync with the Podfile.lock. Run 'pod install' or update your CocoaPods installation.\" >&2\n    exit 1\nfi\n# This output is used by Xcode 'outputs' to avoid re-running this script phase.\necho \"SUCCESS\" > \"${SCRIPT_OUTPUT_FILE_0}\"\n";
			showEnvVarsInLog = 0;
		};
		8DCC865CA898D9349BD0BC2B /* [CP] Embed Pods Frameworks */ = {
			isa = PBXShellScriptBuildPhase;
			buildActionMask = 2147483647;
			files = (
			);
			inputFileListPaths = (
				"${PODS_ROOT}/Target Support Files/Pods-TableviewSample-TableviewSampleUITests/Pods-TableviewSample-TableviewSampleUITests-frameworks-${CONFIGURATION}-input-files.xcfilelist",
			);
			name = "[CP] Embed Pods Frameworks";
			outputFileListPaths = (
				"${PODS_ROOT}/Target Support Files/Pods-TableviewSample-TableviewSampleUITests/Pods-TableviewSample-TableviewSampleUITests-frameworks-${CONFIGURATION}-output-files.xcfilelist",
			);
			runOnlyForDeploymentPostprocessing = 0;
			shellPath = /bin/sh;
			shellScript = "\"${PODS_ROOT}/Target Support Files/Pods-TableviewSample-TableviewSampleUITests/Pods-TableviewSample-TableviewSampleUITests-frameworks.sh\"\n";
			showEnvVarsInLog = 0;
		};
/* End PBXShellScriptBuildPhase section */

/* Begin PBXSourcesBuildPhase section */
		22C1D8CF26146B0800794A0F /* Sources */ = {
			isa = PBXSourcesBuildPhase;
			buildActionMask = 2147483647;
			files = (
				222E3FE82642591A00BA00C1 /* RealmGithubService.swift in Sources */,
				22C1D8FE26146E4400794A0F /* AnimalViewController.swift in Sources */,
				22F07CDC2616F9290061436F /* GithubViewModel.swift in Sources */,
				22F07CB12616ECFD0061436F /* GithubSearchResponse.swift in Sources */,
				22F07CB82616F1570061436F /* GithubAPI.swift in Sources */,
				22C1D90B261471E900794A0F /* CGFloat+Extensions.swift in Sources */,
				222E3FE5264258BC00BA00C1 /* RealmManager.swift in Sources */,
				22C1D904261471A800794A0F /* UIImageView+Extensions.swift in Sources */,
				22F07CD32616F8400061436F /* HomeViewController.swift in Sources */,
				22C1D8EF26146B9500794A0F /* MyTableViewCell.swift in Sources */,
				22F07CD82616F88D0061436F /* GithubViewController.swift in Sources */,
				22C1D908261471D000794A0F /* UIColor+Extensions.swift in Sources */,
				22F07CAB2616EA580061436F /* NetworkProvider.swift in Sources */,
				22C1D8F926146E1D00794A0F /* AnimalViewModel.swift in Sources */,
				22F07CE22616F9C30061436F /* BaseService.swift in Sources */,
				22F07CDF2616F99D0061436F /* GithubSearchService.swift in Sources */,
				76C6283027F53CAF00462617 /* Common.swift in Sources */,
				22F07CE72616FD850061436F /* GithubTableViewCell.swift in Sources */,
				22F07CAE2616EC850061436F /* BaseError.swift in Sources */,
				22C1D8D726146B0800794A0F /* AppDelegate.swift in Sources */,
				22C1D8D926146B0800794A0F /* SceneDelegate.swift in Sources */,
				22C1D8F526146C4A00794A0F /* Animal.swift in Sources */,
				22F07CBB2616F1D80061436F /* Configs.swift in Sources */,
			);
			runOnlyForDeploymentPostprocessing = 0;
		};
		76C6280127F52A9A00462617 /* Sources */ = {
			isa = PBXSourcesBuildPhase;
			buildActionMask = 2147483647;
			files = (
				76C6280827F52A9A00462617 /* TableviewSampleTests.swift in Sources */,
			);
			runOnlyForDeploymentPostprocessing = 0;
		};
		76C6280F27F52AA300462617 /* Sources */ = {
			isa = PBXSourcesBuildPhase;
			buildActionMask = 2147483647;
			files = (
				76C6282D27F53BF000462617 /* GithubViewControllerPage.swift in Sources */,
				76C6282227F530EB00462617 /* SucculentTest.swift in Sources */,
				76C6283527F541E000462617 /* BaseViewControllerUITest.swift in Sources */,
				76C6281627F52AA300462617 /* TableviewSampleUITests.swift in Sources */,
				76C6282B27F53BBB00462617 /* HomeViewControllerPage.swift in Sources */,
				76C6281F27F530B200462617 /* TraceTests.swift in Sources */,
				76C6283727F5470600462617 /* GithubViewControllerUITest.swift in Sources */,
				76C6282927F5397600462617 /* PageObjectable.swift in Sources */,
				76C6283127F53CDD00462617 /* Common.swift in Sources */,
				76C6283327F5414C00462617 /* HomeViewControllerUITest.swift in Sources */,
				76C6283927F54A4500462617 /* XCTestCase+Extension.swift in Sources */,
			);
			runOnlyForDeploymentPostprocessing = 0;
		};
/* End PBXSourcesBuildPhase section */

/* Begin PBXTargetDependency section */
		76C6280B27F52A9A00462617 /* PBXTargetDependency */ = {
			isa = PBXTargetDependency;
			target = 22C1D8D226146B0800794A0F /* TableviewSample */;
			targetProxy = 76C6280A27F52A9A00462617 /* PBXContainerItemProxy */;
		};
		76C6281927F52AA300462617 /* PBXTargetDependency */ = {
			isa = PBXTargetDependency;
			target = 22C1D8D226146B0800794A0F /* TableviewSample */;
			targetProxy = 76C6281827F52AA300462617 /* PBXContainerItemProxy */;
		};
/* End PBXTargetDependency section */

/* Begin PBXVariantGroup section */
		22C1D8DC26146B0800794A0F /* Main.storyboard */ = {
			isa = PBXVariantGroup;
			children = (
				22C1D8DD26146B0800794A0F /* Base */,
			);
			name = Main.storyboard;
			sourceTree = "<group>";
		};
		22C1D8E126146B0B00794A0F /* LaunchScreen.storyboard */ = {
			isa = PBXVariantGroup;
			children = (
				22C1D8E226146B0B00794A0F /* Base */,
			);
			name = LaunchScreen.storyboard;
			sourceTree = "<group>";
		};
/* End PBXVariantGroup section */

/* Begin XCBuildConfiguration section */
		22C1D8E526146B0B00794A0F /* Debug */ = {
			isa = XCBuildConfiguration;
			buildSettings = {
				ALWAYS_SEARCH_USER_PATHS = NO;
				CLANG_ANALYZER_NONNULL = YES;
				CLANG_ANALYZER_NUMBER_OBJECT_CONVERSION = YES_AGGRESSIVE;
				CLANG_CXX_LANGUAGE_STANDARD = "gnu++14";
				CLANG_CXX_LIBRARY = "libc++";
				CLANG_ENABLE_MODULES = YES;
				CLANG_ENABLE_OBJC_ARC = YES;
				CLANG_ENABLE_OBJC_WEAK = YES;
				CLANG_WARN_BLOCK_CAPTURE_AUTORELEASING = YES;
				CLANG_WARN_BOOL_CONVERSION = YES;
				CLANG_WARN_COMMA = YES;
				CLANG_WARN_CONSTANT_CONVERSION = YES;
				CLANG_WARN_DEPRECATED_OBJC_IMPLEMENTATIONS = YES;
				CLANG_WARN_DIRECT_OBJC_ISA_USAGE = YES_ERROR;
				CLANG_WARN_DOCUMENTATION_COMMENTS = YES;
				CLANG_WARN_EMPTY_BODY = YES;
				CLANG_WARN_ENUM_CONVERSION = YES;
				CLANG_WARN_INFINITE_RECURSION = YES;
				CLANG_WARN_INT_CONVERSION = YES;
				CLANG_WARN_NON_LITERAL_NULL_CONVERSION = YES;
				CLANG_WARN_OBJC_IMPLICIT_RETAIN_SELF = YES;
				CLANG_WARN_OBJC_LITERAL_CONVERSION = YES;
				CLANG_WARN_OBJC_ROOT_CLASS = YES_ERROR;
				CLANG_WARN_QUOTED_INCLUDE_IN_FRAMEWORK_HEADER = YES;
				CLANG_WARN_RANGE_LOOP_ANALYSIS = YES;
				CLANG_WARN_STRICT_PROTOTYPES = YES;
				CLANG_WARN_SUSPICIOUS_MOVE = YES;
				CLANG_WARN_UNGUARDED_AVAILABILITY = YES_AGGRESSIVE;
				CLANG_WARN_UNREACHABLE_CODE = YES;
				CLANG_WARN__DUPLICATE_METHOD_MATCH = YES;
				COPY_PHASE_STRIP = NO;
				DEBUG_INFORMATION_FORMAT = dwarf;
				ENABLE_STRICT_OBJC_MSGSEND = YES;
				ENABLE_TESTABILITY = YES;
				GCC_C_LANGUAGE_STANDARD = gnu11;
				GCC_DYNAMIC_NO_PIC = NO;
				GCC_NO_COMMON_BLOCKS = YES;
				GCC_OPTIMIZATION_LEVEL = 0;
				GCC_PREPROCESSOR_DEFINITIONS = (
					"DEBUG=1",
					"$(inherited)",
				);
				GCC_WARN_64_TO_32_BIT_CONVERSION = YES;
				GCC_WARN_ABOUT_RETURN_TYPE = YES_ERROR;
				GCC_WARN_UNDECLARED_SELECTOR = YES;
				GCC_WARN_UNINITIALIZED_AUTOS = YES_AGGRESSIVE;
				GCC_WARN_UNUSED_FUNCTION = YES;
				GCC_WARN_UNUSED_VARIABLE = YES;
				IPHONEOS_DEPLOYMENT_TARGET = 13.0;
				MTL_ENABLE_DEBUG_INFO = INCLUDE_SOURCE;
				MTL_FAST_MATH = YES;
				ONLY_ACTIVE_ARCH = YES;
				SDKROOT = iphoneos;
				SWIFT_ACTIVE_COMPILATION_CONDITIONS = DEBUG;
				SWIFT_OPTIMIZATION_LEVEL = "-Onone";
			};
			name = Debug;
		};
		22C1D8E626146B0B00794A0F /* Release */ = {
			isa = XCBuildConfiguration;
			buildSettings = {
				ALWAYS_SEARCH_USER_PATHS = NO;
				CLANG_ANALYZER_NONNULL = YES;
				CLANG_ANALYZER_NUMBER_OBJECT_CONVERSION = YES_AGGRESSIVE;
				CLANG_CXX_LANGUAGE_STANDARD = "gnu++14";
				CLANG_CXX_LIBRARY = "libc++";
				CLANG_ENABLE_MODULES = YES;
				CLANG_ENABLE_OBJC_ARC = YES;
				CLANG_ENABLE_OBJC_WEAK = YES;
				CLANG_WARN_BLOCK_CAPTURE_AUTORELEASING = YES;
				CLANG_WARN_BOOL_CONVERSION = YES;
				CLANG_WARN_COMMA = YES;
				CLANG_WARN_CONSTANT_CONVERSION = YES;
				CLANG_WARN_DEPRECATED_OBJC_IMPLEMENTATIONS = YES;
				CLANG_WARN_DIRECT_OBJC_ISA_USAGE = YES_ERROR;
				CLANG_WARN_DOCUMENTATION_COMMENTS = YES;
				CLANG_WARN_EMPTY_BODY = YES;
				CLANG_WARN_ENUM_CONVERSION = YES;
				CLANG_WARN_INFINITE_RECURSION = YES;
				CLANG_WARN_INT_CONVERSION = YES;
				CLANG_WARN_NON_LITERAL_NULL_CONVERSION = YES;
				CLANG_WARN_OBJC_IMPLICIT_RETAIN_SELF = YES;
				CLANG_WARN_OBJC_LITERAL_CONVERSION = YES;
				CLANG_WARN_OBJC_ROOT_CLASS = YES_ERROR;
				CLANG_WARN_QUOTED_INCLUDE_IN_FRAMEWORK_HEADER = YES;
				CLANG_WARN_RANGE_LOOP_ANALYSIS = YES;
				CLANG_WARN_STRICT_PROTOTYPES = YES;
				CLANG_WARN_SUSPICIOUS_MOVE = YES;
				CLANG_WARN_UNGUARDED_AVAILABILITY = YES_AGGRESSIVE;
				CLANG_WARN_UNREACHABLE_CODE = YES;
				CLANG_WARN__DUPLICATE_METHOD_MATCH = YES;
				COPY_PHASE_STRIP = NO;
				DEBUG_INFORMATION_FORMAT = "dwarf-with-dsym";
				ENABLE_NS_ASSERTIONS = NO;
				ENABLE_STRICT_OBJC_MSGSEND = YES;
				GCC_C_LANGUAGE_STANDARD = gnu11;
				GCC_NO_COMMON_BLOCKS = YES;
				GCC_WARN_64_TO_32_BIT_CONVERSION = YES;
				GCC_WARN_ABOUT_RETURN_TYPE = YES_ERROR;
				GCC_WARN_UNDECLARED_SELECTOR = YES;
				GCC_WARN_UNINITIALIZED_AUTOS = YES_AGGRESSIVE;
				GCC_WARN_UNUSED_FUNCTION = YES;
				GCC_WARN_UNUSED_VARIABLE = YES;
				IPHONEOS_DEPLOYMENT_TARGET = 13.0;
				MTL_ENABLE_DEBUG_INFO = NO;
				MTL_FAST_MATH = YES;
				SDKROOT = iphoneos;
				SWIFT_COMPILATION_MODE = wholemodule;
				SWIFT_OPTIMIZATION_LEVEL = "-O";
				VALIDATE_PRODUCT = YES;
			};
			name = Release;
		};
		22C1D8E826146B0B00794A0F /* Debug */ = {
			isa = XCBuildConfiguration;
			baseConfigurationReference = 1A4E1B02F35032703A490E59 /* Pods-TableviewSample.debug.xcconfig */;
			buildSettings = {
				ASSETCATALOG_COMPILER_APPICON_NAME = AppIcon;
				ASSETCATALOG_COMPILER_GLOBAL_ACCENT_COLOR_NAME = AccentColor;
				CODE_SIGN_STYLE = Automatic;
				INFOPLIST_FILE = TableviewSample/Info.plist;
				LD_RUNPATH_SEARCH_PATHS = (
					"$(inherited)",
					"@executable_path/Frameworks",
				);
				PRODUCT_BUNDLE_IDENTIFIER = quynhlx.com.TableviewSample;
				PRODUCT_NAME = "$(TARGET_NAME)";
				SWIFT_VERSION = 5.0;
				TARGETED_DEVICE_FAMILY = "1,2";
			};
			name = Debug;
		};
		22C1D8E926146B0B00794A0F /* Release */ = {
			isa = XCBuildConfiguration;
			baseConfigurationReference = 9FA49F5A927634351F9414DF /* Pods-TableviewSample.release.xcconfig */;
			buildSettings = {
				ASSETCATALOG_COMPILER_APPICON_NAME = AppIcon;
				ASSETCATALOG_COMPILER_GLOBAL_ACCENT_COLOR_NAME = AccentColor;
				CODE_SIGN_STYLE = Automatic;
				INFOPLIST_FILE = TableviewSample/Info.plist;
				LD_RUNPATH_SEARCH_PATHS = (
					"$(inherited)",
					"@executable_path/Frameworks",
				);
				PRODUCT_BUNDLE_IDENTIFIER = quynhlx.com.TableviewSample;
				PRODUCT_NAME = "$(TARGET_NAME)";
				SWIFT_VERSION = 5.0;
				TARGETED_DEVICE_FAMILY = "1,2";
			};
			name = Release;
		};
		76C6280C27F52A9A00462617 /* Debug */ = {
			isa = XCBuildConfiguration;
			buildSettings = {
				BUNDLE_LOADER = "$(TEST_HOST)";
				CODE_SIGN_STYLE = Automatic;
				INFOPLIST_FILE = TableviewSampleTests/Info.plist;
				IPHONEOS_DEPLOYMENT_TARGET = 14.5;
				LD_RUNPATH_SEARCH_PATHS = (
					"$(inherited)",
					"@executable_path/Frameworks",
					"@loader_path/Frameworks",
				);
				PRODUCT_BUNDLE_IDENTIFIER = codetoanbug.com.TableviewSampleTests;
				PRODUCT_NAME = "$(TARGET_NAME)";
				SWIFT_VERSION = 5.0;
				TARGETED_DEVICE_FAMILY = "1,2";
				TEST_HOST = "$(BUILT_PRODUCTS_DIR)/TableviewSample.app/TableviewSample";
			};
			name = Debug;
		};
		76C6280D27F52A9A00462617 /* Release */ = {
			isa = XCBuildConfiguration;
			buildSettings = {
				BUNDLE_LOADER = "$(TEST_HOST)";
				CODE_SIGN_STYLE = Automatic;
				INFOPLIST_FILE = TableviewSampleTests/Info.plist;
				IPHONEOS_DEPLOYMENT_TARGET = 14.5;
				LD_RUNPATH_SEARCH_PATHS = (
					"$(inherited)",
					"@executable_path/Frameworks",
					"@loader_path/Frameworks",
				);
				PRODUCT_BUNDLE_IDENTIFIER = codetoanbug.com.TableviewSampleTests;
				PRODUCT_NAME = "$(TARGET_NAME)";
				SWIFT_VERSION = 5.0;
				TARGETED_DEVICE_FAMILY = "1,2";
				TEST_HOST = "$(BUILT_PRODUCTS_DIR)/TableviewSample.app/TableviewSample";
			};
			name = Release;
		};
		76C6281B27F52AA300462617 /* Debug */ = {
			isa = XCBuildConfiguration;
			baseConfigurationReference = CD676DC82D2EA5E2DA772FA6 /* Pods-TableviewSample-TableviewSampleUITests.debug.xcconfig */;
			buildSettings = {
				CODE_SIGN_STYLE = Automatic;
				INFOPLIST_FILE = TableviewSampleUITests/Info.plist;
				IPHONEOS_DEPLOYMENT_TARGET = 14.5;
				LD_RUNPATH_SEARCH_PATHS = (
					"$(inherited)",
					"@executable_path/Frameworks",
					"@loader_path/Frameworks",
				);
				PRODUCT_BUNDLE_IDENTIFIER = codetoanbug.com.TableviewSampleUITests;
				PRODUCT_NAME = "$(TARGET_NAME)";
				SWIFT_VERSION = 5.0;
				TARGETED_DEVICE_FAMILY = "1,2";
				TEST_TARGET_NAME = TableviewSample;
			};
			name = Debug;
		};
		76C6281C27F52AA300462617 /* Release */ = {
			isa = XCBuildConfiguration;
			baseConfigurationReference = B0F24A9E241F9E18352183E4 /* Pods-TableviewSample-TableviewSampleUITests.release.xcconfig */;
			buildSettings = {
				CODE_SIGN_STYLE = Automatic;
				INFOPLIST_FILE = TableviewSampleUITests/Info.plist;
				IPHONEOS_DEPLOYMENT_TARGET = 14.5;
				LD_RUNPATH_SEARCH_PATHS = (
					"$(inherited)",
					"@executable_path/Frameworks",
					"@loader_path/Frameworks",
				);
				PRODUCT_BUNDLE_IDENTIFIER = codetoanbug.com.TableviewSampleUITests;
				PRODUCT_NAME = "$(TARGET_NAME)";
				SWIFT_VERSION = 5.0;
				TARGETED_DEVICE_FAMILY = "1,2";
				TEST_TARGET_NAME = TableviewSample;
			};
			name = Release;
		};
/* End XCBuildConfiguration section */

/* Begin XCConfigurationList section */
		22C1D8CE26146B0800794A0F /* Build configuration list for PBXProject "TableviewSample" */ = {
			isa = XCConfigurationList;
			buildConfigurations = (
				22C1D8E526146B0B00794A0F /* Debug */,
				22C1D8E626146B0B00794A0F /* Release */,
			);
			defaultConfigurationIsVisible = 0;
			defaultConfigurationName = Release;
		};
		22C1D8E726146B0B00794A0F /* Build configuration list for PBXNativeTarget "TableviewSample" */ = {
			isa = XCConfigurationList;
			buildConfigurations = (
				22C1D8E826146B0B00794A0F /* Debug */,
				22C1D8E926146B0B00794A0F /* Release */,
			);
			defaultConfigurationIsVisible = 0;
			defaultConfigurationName = Release;
		};
		76C6280E27F52A9A00462617 /* Build configuration list for PBXNativeTarget "TableviewSampleTests" */ = {
			isa = XCConfigurationList;
			buildConfigurations = (
				76C6280C27F52A9A00462617 /* Debug */,
				76C6280D27F52A9A00462617 /* Release */,
			);
			defaultConfigurationIsVisible = 0;
			defaultConfigurationName = Release;
		};
		76C6281A27F52AA300462617 /* Build configuration list for PBXNativeTarget "TableviewSampleUITests" */ = {
			isa = XCConfigurationList;
			buildConfigurations = (
				76C6281B27F52AA300462617 /* Debug */,
				76C6281C27F52AA300462617 /* Release */,
			);
			defaultConfigurationIsVisible = 0;
			defaultConfigurationName = Release;
		};
/* End XCConfigurationList section */
	};
	rootObject = 22C1D8CB26146B0800794A0F /* Project object */;
}
